<?xml version="1.0" encoding="utf-8"?>
<Project ToolsVersion="4.0" xmlns="http://schemas.microsoft.com/developer/msbuild/2003">
  <ItemGroup>
    <Filter Include="原始程式檔">
      <UniqueIdentifier>{4FC737F1-C7A5-4376-A066-2A32D752A2FF}</UniqueIdentifier>
      <Extensions>cpp;c;cc;cxx;def;odl;idl;hpj;bat;asm;asmx</Extensions>
    </Filter>
    <Filter Include="標頭檔">
      <UniqueIdentifier>{93995380-89BD-4b04-88EB-625FBE52EBFB}</UniqueIdentifier>
      <Extensions>h;hpp;hxx;hm;inl;inc;xsd</Extensions>
    </Filter>
    <Filter Include="資源檔">
      <UniqueIdentifier>{67DA6AB6-F800-4c08-8B7A-83BB121AAD01}</UniqueIdentifier>
      <Extensions>rc;ico;cur;bmp;dlg;rc2;rct;bin;rgs;gif;jpg;jpeg;jpe;resx;tiff;tif;png;wav;mfcribbon-ms</Extensions>
    </Filter>
    <Filter Include="原始程式檔\Feature">
      <UniqueIdentifier>{4e7ad8a3-c5d9-46cd-8d7d-d4cb758c0405}</UniqueIdentifier>
    </Filter>
    <Filter Include="標頭檔\Feature">
      <UniqueIdentifier>{d04d024e-bf98-4691-ba51-efcb1bebd921}</UniqueIdentifier>
    </Filter>
  </ItemGroup>
  <ItemGroup>
    <ClInclude Include="..\..\Utility\SysUtil.h">
      <Filter>標頭檔</Filter>
    </ClInclude>
    <ClInclude Include="..\..\Utility\ImageUtil.h">
      <Filter>標頭檔</Filter>
    </ClInclude>
    <ClInclude Include="src\MLControl.h">
      <Filter>標頭檔</Filter>
    </ClInclude>
    <ClInclude Include="..\..\Utility\FileIterator.h">
      <Filter>標頭檔</Filter>
    </ClInclude>
    <ClInclude Include="..\..\Utility\LibSVMDataWriter.h">
      <Filter>標頭檔</Filter>
    </ClInclude>
    <ClInclude Include="..\..\Utility\LibSVMPredictResultReader.h">
      <Filter>標頭檔</Filter>
    </ClInclude>
    <ClInclude Include="src\Feature\Feature.h">
      <Filter>標頭檔\Feature</Filter>
    </ClInclude>
    <ClInclude Include="..\..\Utility\ImageResizer.h">
      <Filter>標頭檔</Filter>
    </ClInclude>
  </ItemGroup>
  <ItemGroup>
    <ClCompile Include="src\main.cpp">
      <Filter>原始程式檔</Filter>
    </ClCompile>
    <ClCompile Include="..\..\Utility\ImageUtil.cpp">
      <Filter>原始程式檔</Filter>
    </ClCompile>
    <ClCompile Include="src\MLControl.cpp">
      <Filter>原始程式檔</Filter>
    </ClCompile>
    <ClCompile Include="..\..\Utility\FileIterator.cpp">
      <Filter>原始程式檔</Filter>
    </ClCompile>
    <ClCompile Include="..\..\Utility\LibSVMDataWriter.cpp">
      <Filter>原始程式檔</Filter>
    </ClCompile>
    <ClCompile Include="..\..\Utility\LibSVMPredictResultReader.cpp">
      <Filter>原始程式檔</Filter>
    </ClCompile>
    <ClCompile Include="src\Feature\Feature.cpp">
      <Filter>原始程式檔\Feature</Filter>
    </ClCompile>
    <ClCompile Include="..\..\Utility\ImageResizer.cpp">
      <Filter>原始程式檔</Filter>
    </ClCompile>
  </ItemGroup>
</Project>