
Microsoft Visual Studio Solution File, Format Version 12.00
# Visual Studio 15
VisualStudioVersion = 15.0.27004.2006
MinimumVisualStudioVersion = 10.0.40219.1
Project("{8BC9CEB8-8B4A-11D0-8D11-00A0C91BC942}") = "OpenCV", "OpenCV\OpenCV.vcxproj", "{511526CC-6D27-48CE-93F3-1D89F26BDF78}"
EndProject
Global
	GlobalSection(SolutionConfigurationPlatforms) = preSolution
		Debug|x64 = Debug|x64
		Release|x64 = Release|x64
	EndGlobalSection
	GlobalSection(ProjectConfigurationPlatforms) = postSolution
		{511526CC-6D27-48CE-93F3-1D89F26BDF78}.Debug|x64.ActiveCfg = Debug|x64
		{511526CC-6D27-48CE-93F3-1D89F26BDF78}.Debug|x64.Build.0 = Debug|x64
		{511526CC-6D27-48CE-93F3-1D89F26BDF78}.Release|x64.ActiveCfg = Release|x64
		{511526CC-6D27-48CE-93F3-1D89F26BDF78}.Release|x64.Build.0 = Release|x64
	EndGlobalSection
	GlobalSection(SolutionProperties) = preSolution
		HideSolutionNode = FALSE
	EndGlobalSection
	GlobalSection(ExtensibilityGlobals) = postSolution
		SolutionGuid = {735237F3-0945-401B-9194-040AC649AF7F}
	EndGlobalSection
EndGlobal
